
Microsoft Visual Studio Solution File, Format Version 12.00
# Visual Studio Version 17
VisualStudioVersion = 17.7.34003.232
MinimumVisualStudioVersion = 10.0.40219.1
Project("{FAE04EC0-301F-11D3-BF4B-00C04F79EFBC}") = "adminpanel", "adminpanel\adminpanel.csproj", "{023DF9C1-E0D7-4A43-9946-113964D2B272}"
EndProject
Global
	GlobalSection(SolutionConfigurationPlatforms) = preSolution
		Debug|Any CPU = Debug|Any CPU
		Release|Any CPU = Release|Any CPU
	EndGlobalSection
	GlobalSection(ProjectConfigurationPlatforms) = postSolution
		{023DF9C1-E0D7-4A43-9946-113964D2B272}.Debug|Any CPU.ActiveCfg = Debug|Any CPU
		{023DF9C1-E0D7-4A43-9946-113964D2B272}.Debug|Any CPU.Build.0 = Debug|Any CPU
		{023DF9C1-E0D7-4A43-9946-113964D2B272}.Release|Any CPU.ActiveCfg = Release|Any CPU
		{023DF9C1-E0D7-4A43-9946-113964D2B272}.Release|Any CPU.Build.0 = Release|Any CPU
	EndGlobalSection
	GlobalSection(SolutionProperties) = preSolution
		HideSolutionNode = FALSE
	EndGlobalSection
	GlobalSection(ExtensibilityGlobals) = postSolution
		SolutionGuid = {93B0E679-705D-48CE-A1EC-59E38E2E7DF5}
	EndGlobalSection
EndGlobal
